
Microsoft Visual Studio Solution File, Format Version 12.00
# Visual Studio Version 17
VisualStudioVersion = 17.14.36518.9 d17.14
MinimumVisualStudioVersion = 10.0.40219.1
Project("{FAE04EC0-301F-11D3-BF4B-00C04F79EFBC}") = "Battle Clans", "Battle Clans.csproj", "{074ED5A7-D039-4C1B-8E04-C56BE51E2781}"
EndProject
Global
	GlobalSection(SolutionConfigurationPlatforms) = preSolution
		Debug|Any CPU = Debug|Any CPU
		Release|Any CPU = Release|Any CPU
	EndGlobalSection
	GlobalSection(ProjectConfigurationPlatforms) = postSolution
		{074ED5A7-D039-4C1B-8E04-C56BE51E2781}.Debug|Any CPU.ActiveCfg = Debug|Any CPU
		{074ED5A7-D039-4C1B-8E04-C56BE51E2781}.Debug|Any CPU.Build.0 = Debug|Any CPU
		{074ED5A7-D039-4C1B-8E04-C56BE51E2781}.Release|Any CPU.ActiveCfg = Release|Any CPU
		{074ED5A7-D039-4C1B-8E04-C56BE51E2781}.Release|Any CPU.Build.0 = Release|Any CPU
	EndGlobalSection
	GlobalSection(SolutionProperties) = preSolution
		HideSolutionNode = FALSE
	EndGlobalSection
	GlobalSection(ExtensibilityGlobals) = postSolution
		SolutionGuid = {0C96B171-74E4-4A6E-AF7C-182BB5396C16}
	EndGlobalSection
EndGlobal
